<?xml version="1.0" encoding="utf-8"?>
<Project ToolsVersion="4.0" xmlns="http://schemas.microsoft.com/developer/msbuild/2003">
  <ItemGroup>
    <Filter Include="Source Files">
      <UniqueIdentifier>{4FC737F1-C7A5-4376-A066-2A32D752A2FF}</UniqueIdentifier>
      <Extensions>cpp;c;cc;cxx;c++;cppm;ixx;def;odl;idl;hpj;bat;asm;asmx</Extensions>
    </Filter>
    <Filter Include="Header Files">
      <UniqueIdentifier>{93995380-89BD-4b04-88EB-625FBE52EBFB}</UniqueIdentifier>
      <Extensions>h;hh;hpp;hxx;h++;hm;inl;inc;ipp;xsd</Extensions>
    </Filter>
    <Filter Include="Resource Files">
      <UniqueIdentifier>{67DA6AB6-F800-4c08-8B7A-83BB121AAD01}</UniqueIdentifier>
      <Extensions>rc;ico;cur;bmp;dlg;rc2;rct;bin;rgs;gif;jpg;jpeg;jpe;resx;tiff;tif;png;wav;mfcribbon-ms</Extensions>
    </Filter>
    <Filter Include="Entity Files">
      <UniqueIdentifier>{16f5625a-9e33-474d-9b48-0a2bca60b65d}</UniqueIdentifier>
    </Filter>
    <Filter Include="Text Files">
      <UniqueIdentifier>{18766729-44e1-483c-af2b-aca278aff08f}</UniqueIdentifier>
    </Filter>
    <Filter Include="Button files">
      <UniqueIdentifier>{4015a828-ca8b-4db0-a02d-549f4aaf1f39}</UniqueIdentifier>
    </Filter>
    <Filter Include="XP Files">
      <UniqueIdentifier>{1888d514-d088-4db0-aec6-6a3587be3069}</UniqueIdentifier>
    </Filter>
  </ItemGroup>
  <ItemGroup>
    <ClCompile Include="Game.cpp">
      <Filter>Source Files</Filter>
    </ClCompile>
    <ClCompile Include="main.cpp">
      <Filter>Header Files</Filter>
    </ClCompile>
    <ClCompile Include="pch.cpp">
      <Filter>Header Files</Filter>
    </ClCompile>
    <ClCompile Include="Entity.cpp">
      <Filter>Entity Files</Filter>
    </ClCompile>
    <ClCompile Include="Player.cpp">
      <Filter>Entity Files</Filter>
    </ClCompile>
    <ClCompile Include="Victim.cpp">
      <Filter>Entity Files</Filter>
    </ClCompile>
    <ClCompile Include="Text.cpp">
      <Filter>Text Files</Filter>
    </ClCompile>
    <ClCompile Include="Police.cpp">
      <Filter>Entity Files</Filter>
    </ClCompile>
    <ClCompile Include="Button.cpp">
      <Filter>Button files</Filter>
    </ClCompile>
    <ClCompile Include="XP.cpp">
      <Filter>XP Files</Filter>
    </ClCompile>
  </ItemGroup>
  <ItemGroup>
    <ClInclude Include="pch.h">
      <Filter>Header Files</Filter>
    </ClInclude>
    <ClInclude Include="Game.h">
      <Filter>Source Files</Filter>
    </ClInclude>
    <ClInclude Include="Victim.h">
      <Filter>Entity Files</Filter>
    </ClInclude>
    <ClInclude Include="Player.h">
      <Filter>Entity Files</Filter>
    </ClInclude>
    <ClInclude Include="Entity.h">
      <Filter>Entity Files</Filter>
    </ClInclude>
    <ClInclude Include="Text.h">
      <Filter>Text Files</Filter>
    </ClInclude>
    <ClInclude Include="Police.h">
      <Filter>Entity Files</Filter>
    </ClInclude>
    <ClInclude Include="Button.h">
      <Filter>Button files</Filter>
    </ClInclude>
    <ClInclude Include="XP.h">
      <Filter>XP Files</Filter>
    </ClInclude>
  </ItemGroup>
</Project>